
Microsoft Visual Studio Solution File, Format Version 12.00
# Visual Studio Version 16
VisualStudioVersion = 16.0.31112.23
MinimumVisualStudioVersion = 10.0.40219.1
Project("{FAE04EC0-301F-11D3-BF4B-00C04F79EFBC}") = "ExeLista01", "ExeLista01\ExeLista01.csproj", "{9E2CE8F7-B402-4835-868A-BAB41518FF31}"
EndProject
Global
	GlobalSection(SolutionConfigurationPlatforms) = preSolution
		Debug|Any CPU = Debug|Any CPU
		Release|Any CPU = Release|Any CPU
	EndGlobalSection
	GlobalSection(ProjectConfigurationPlatforms) = postSolution
		{9E2CE8F7-B402-4835-868A-BAB41518FF31}.Debug|Any CPU.ActiveCfg = Debug|Any CPU
		{9E2CE8F7-B402-4835-868A-BAB41518FF31}.Debug|Any CPU.Build.0 = Debug|Any CPU
		{9E2CE8F7-B402-4835-868A-BAB41518FF31}.Release|Any CPU.ActiveCfg = Release|Any CPU
		{9E2CE8F7-B402-4835-868A-BAB41518FF31}.Release|Any CPU.Build.0 = Release|Any CPU
	EndGlobalSection
	GlobalSection(SolutionProperties) = preSolution
		HideSolutionNode = FALSE
	EndGlobalSection
	GlobalSection(ExtensibilityGlobals) = postSolution
		SolutionGuid = {180588F7-7168-46BC-9CC1-E7DFD369FC92}
	EndGlobalSection
EndGlobal
