
Microsoft Visual Studio Solution File, Format Version 12.00
# Visual Studio Version 16
VisualStudioVersion = 16.0.31112.23
MinimumVisualStudioVersion = 10.0.40219.1
Project("{FAE04EC0-301F-11D3-BF4B-00C04F79EFBC}") = "Exe-MembrosEstaticos", "Exe-MembrosEstaticos\Exe-MembrosEstaticos.csproj", "{1907728A-D025-4B59-8AF5-7E1A69D91F90}"
EndProject
Global
	GlobalSection(SolutionConfigurationPlatforms) = preSolution
		Debug|Any CPU = Debug|Any CPU
		Release|Any CPU = Release|Any CPU
	EndGlobalSection
	GlobalSection(ProjectConfigurationPlatforms) = postSolution
		{1907728A-D025-4B59-8AF5-7E1A69D91F90}.Debug|Any CPU.ActiveCfg = Debug|Any CPU
		{1907728A-D025-4B59-8AF5-7E1A69D91F90}.Debug|Any CPU.Build.0 = Debug|Any CPU
		{1907728A-D025-4B59-8AF5-7E1A69D91F90}.Release|Any CPU.ActiveCfg = Release|Any CPU
		{1907728A-D025-4B59-8AF5-7E1A69D91F90}.Release|Any CPU.Build.0 = Release|Any CPU
	EndGlobalSection
	GlobalSection(SolutionProperties) = preSolution
		HideSolutionNode = FALSE
	EndGlobalSection
	GlobalSection(ExtensibilityGlobals) = postSolution
		SolutionGuid = {BDC3DF96-2DC6-416C-A0B1-F296384ED674}
	EndGlobalSection
EndGlobal
