
Microsoft Visual Studio Solution File, Format Version 12.00
# Visual Studio Version 16
VisualStudioVersion = 16.0.31112.23
MinimumVisualStudioVersion = 10.0.40219.1
Project("{FAE04EC0-301F-11D3-BF4B-00C04F79EFBC}") = "RefOut", "RefOut\RefOut.csproj", "{5999AAD7-49E7-498A-A1C4-E147ABBDA81A}"
EndProject
Global
	GlobalSection(SolutionConfigurationPlatforms) = preSolution
		Debug|Any CPU = Debug|Any CPU
		Release|Any CPU = Release|Any CPU
	EndGlobalSection
	GlobalSection(ProjectConfigurationPlatforms) = postSolution
		{5999AAD7-49E7-498A-A1C4-E147ABBDA81A}.Debug|Any CPU.ActiveCfg = Debug|Any CPU
		{5999AAD7-49E7-498A-A1C4-E147ABBDA81A}.Debug|Any CPU.Build.0 = Debug|Any CPU
		{5999AAD7-49E7-498A-A1C4-E147ABBDA81A}.Release|Any CPU.ActiveCfg = Release|Any CPU
		{5999AAD7-49E7-498A-A1C4-E147ABBDA81A}.Release|Any CPU.Build.0 = Release|Any CPU
	EndGlobalSection
	GlobalSection(SolutionProperties) = preSolution
		HideSolutionNode = FALSE
	EndGlobalSection
	GlobalSection(ExtensibilityGlobals) = postSolution
		SolutionGuid = {403C40A7-9138-4602-BB39-4C7901F4EB9E}
	EndGlobalSection
EndGlobal
