
Microsoft Visual Studio Solution File, Format Version 12.00
# Visual Studio Version 17
VisualStudioVersion = 17.2.32630.192
MinimumVisualStudioVersion = 10.0.40219.1
Project("{FAE04EC0-301F-11D3-BF4B-00C04F79EFBC}") = "Using", "Using\Using.csproj", "{C33E05D8-6015-4FF3-9BA4-A30B981A6AFF}"
EndProject
Global
	GlobalSection(SolutionConfigurationPlatforms) = preSolution
		Debug|Any CPU = Debug|Any CPU
		Release|Any CPU = Release|Any CPU
	EndGlobalSection
	GlobalSection(ProjectConfigurationPlatforms) = postSolution
		{C33E05D8-6015-4FF3-9BA4-A30B981A6AFF}.Debug|Any CPU.ActiveCfg = Debug|Any CPU
		{C33E05D8-6015-4FF3-9BA4-A30B981A6AFF}.Debug|Any CPU.Build.0 = Debug|Any CPU
		{C33E05D8-6015-4FF3-9BA4-A30B981A6AFF}.Release|Any CPU.ActiveCfg = Release|Any CPU
		{C33E05D8-6015-4FF3-9BA4-A30B981A6AFF}.Release|Any CPU.Build.0 = Release|Any CPU
	EndGlobalSection
	GlobalSection(SolutionProperties) = preSolution
		HideSolutionNode = FALSE
	EndGlobalSection
	GlobalSection(ExtensibilityGlobals) = postSolution
		SolutionGuid = {27CC1A01-09DE-4C62-BE75-1250B0C6D590}
	EndGlobalSection
EndGlobal
