
Microsoft Visual Studio Solution File, Format Version 12.00
# Visual Studio Version 16
VisualStudioVersion = 16.0.31112.23
MinimumVisualStudioVersion = 10.0.40219.1
Project("{FAE04EC0-301F-11D3-BF4B-00C04F79EFBC}") = "Products", "Products\Products.csproj", "{6551B88F-6CFF-476C-AFF4-86D28719B526}"
EndProject
Global
	GlobalSection(SolutionConfigurationPlatforms) = preSolution
		Debug|Any CPU = Debug|Any CPU
		Release|Any CPU = Release|Any CPU
	EndGlobalSection
	GlobalSection(ProjectConfigurationPlatforms) = postSolution
		{6551B88F-6CFF-476C-AFF4-86D28719B526}.Debug|Any CPU.ActiveCfg = Debug|Any CPU
		{6551B88F-6CFF-476C-AFF4-86D28719B526}.Debug|Any CPU.Build.0 = Debug|Any CPU
		{6551B88F-6CFF-476C-AFF4-86D28719B526}.Release|Any CPU.ActiveCfg = Release|Any CPU
		{6551B88F-6CFF-476C-AFF4-86D28719B526}.Release|Any CPU.Build.0 = Release|Any CPU
	EndGlobalSection
	GlobalSection(SolutionProperties) = preSolution
		HideSolutionNode = FALSE
	EndGlobalSection
	GlobalSection(ExtensibilityGlobals) = postSolution
		SolutionGuid = {EDA478C4-EB48-4C0A-970E-855F5CFD717B}
	EndGlobalSection
EndGlobal
