
Microsoft Visual Studio Solution File, Format Version 12.00
# Visual Studio Version 16
VisualStudioVersion = 16.0.31112.23
MinimumVisualStudioVersion = 10.0.40219.1
Project("{FAE04EC0-301F-11D3-BF4B-00C04F79EFBC}") = "ExercicioComposicao2", "ExercicioComposicao2\ExercicioComposicao2.csproj", "{60798B25-7C48-4E72-B5B1-65DB5870B2F5}"
EndProject
Global
	GlobalSection(SolutionConfigurationPlatforms) = preSolution
		Debug|Any CPU = Debug|Any CPU
		Release|Any CPU = Release|Any CPU
	EndGlobalSection
	GlobalSection(ProjectConfigurationPlatforms) = postSolution
		{60798B25-7C48-4E72-B5B1-65DB5870B2F5}.Debug|Any CPU.ActiveCfg = Debug|Any CPU
		{60798B25-7C48-4E72-B5B1-65DB5870B2F5}.Debug|Any CPU.Build.0 = Debug|Any CPU
		{60798B25-7C48-4E72-B5B1-65DB5870B2F5}.Release|Any CPU.ActiveCfg = Release|Any CPU
		{60798B25-7C48-4E72-B5B1-65DB5870B2F5}.Release|Any CPU.Build.0 = Release|Any CPU
	EndGlobalSection
	GlobalSection(SolutionProperties) = preSolution
		HideSolutionNode = FALSE
	EndGlobalSection
	GlobalSection(ExtensibilityGlobals) = postSolution
		SolutionGuid = {9AA69436-BC13-4E6C-AE86-6FAD5285BAE3}
	EndGlobalSection
EndGlobal
