
Microsoft Visual Studio Solution File, Format Version 12.00
# Visual Studio Version 16
VisualStudioVersion = 16.0.31112.23
MinimumVisualStudioVersion = 10.0.40219.1
Project("{FAE04EC0-301F-11D3-BF4B-00C04F79EFBC}") = "Heranca", "Heranca\Heranca.csproj", "{B058BE4E-DF79-496A-BE68-A7710352CEC9}"
EndProject
Global
	GlobalSection(SolutionConfigurationPlatforms) = preSolution
		Debug|Any CPU = Debug|Any CPU
		Release|Any CPU = Release|Any CPU
	EndGlobalSection
	GlobalSection(ProjectConfigurationPlatforms) = postSolution
		{B058BE4E-DF79-496A-BE68-A7710352CEC9}.Debug|Any CPU.ActiveCfg = Debug|Any CPU
		{B058BE4E-DF79-496A-BE68-A7710352CEC9}.Debug|Any CPU.Build.0 = Debug|Any CPU
		{B058BE4E-DF79-496A-BE68-A7710352CEC9}.Release|Any CPU.ActiveCfg = Release|Any CPU
		{B058BE4E-DF79-496A-BE68-A7710352CEC9}.Release|Any CPU.Build.0 = Release|Any CPU
	EndGlobalSection
	GlobalSection(SolutionProperties) = preSolution
		HideSolutionNode = FALSE
	EndGlobalSection
	GlobalSection(ExtensibilityGlobals) = postSolution
		SolutionGuid = {9409D5DE-0174-4199-A017-A03F7444B156}
	EndGlobalSection
EndGlobal
