
Microsoft Visual Studio Solution File, Format Version 12.00
# Visual Studio Version 17
VisualStudioVersion = 17.2.32630.192
MinimumVisualStudioVersion = 10.0.40219.1
Project("{FAE04EC0-301F-11D3-BF4B-00C04F79EFBC}") = "StreamWriter", "StreamWriter\StreamWriter.csproj", "{3904DE78-BF16-4E5E-A7BA-7443E8808BAE}"
EndProject
Global
	GlobalSection(SolutionConfigurationPlatforms) = preSolution
		Debug|Any CPU = Debug|Any CPU
		Release|Any CPU = Release|Any CPU
	EndGlobalSection
	GlobalSection(ProjectConfigurationPlatforms) = postSolution
		{3904DE78-BF16-4E5E-A7BA-7443E8808BAE}.Debug|Any CPU.ActiveCfg = Debug|Any CPU
		{3904DE78-BF16-4E5E-A7BA-7443E8808BAE}.Debug|Any CPU.Build.0 = Debug|Any CPU
		{3904DE78-BF16-4E5E-A7BA-7443E8808BAE}.Release|Any CPU.ActiveCfg = Release|Any CPU
		{3904DE78-BF16-4E5E-A7BA-7443E8808BAE}.Release|Any CPU.Build.0 = Release|Any CPU
	EndGlobalSection
	GlobalSection(SolutionProperties) = preSolution
		HideSolutionNode = FALSE
	EndGlobalSection
	GlobalSection(ExtensibilityGlobals) = postSolution
		SolutionGuid = {DFADBDEB-B72B-400C-8A28-CD1594263DB2}
	EndGlobalSection
EndGlobal
