
Microsoft Visual Studio Solution File, Format Version 12.00
# Visual Studio Version 16
VisualStudioVersion = 16.0.31112.23
MinimumVisualStudioVersion = 10.0.40219.1
Project("{FAE04EC0-301F-11D3-BF4B-00C04F79EFBC}") = "ExercicioVetor", "ExercicioVetor\ExercicioVetor.csproj", "{FC1D5646-996C-4DEC-91CE-D1AED22DD6D3}"
EndProject
Global
	GlobalSection(SolutionConfigurationPlatforms) = preSolution
		Debug|Any CPU = Debug|Any CPU
		Release|Any CPU = Release|Any CPU
	EndGlobalSection
	GlobalSection(ProjectConfigurationPlatforms) = postSolution
		{FC1D5646-996C-4DEC-91CE-D1AED22DD6D3}.Debug|Any CPU.ActiveCfg = Debug|Any CPU
		{FC1D5646-996C-4DEC-91CE-D1AED22DD6D3}.Debug|Any CPU.Build.0 = Debug|Any CPU
		{FC1D5646-996C-4DEC-91CE-D1AED22DD6D3}.Release|Any CPU.ActiveCfg = Release|Any CPU
		{FC1D5646-996C-4DEC-91CE-D1AED22DD6D3}.Release|Any CPU.Build.0 = Release|Any CPU
	EndGlobalSection
	GlobalSection(SolutionProperties) = preSolution
		HideSolutionNode = FALSE
	EndGlobalSection
	GlobalSection(ExtensibilityGlobals) = postSolution
		SolutionGuid = {E0E48969-9CA3-4C27-AD81-5A9B738A6961}
	EndGlobalSection
EndGlobal
